
Microsoft Visual Studio Solution File, Format Version 12.00
# Visual Studio Version 17
VisualStudioVersion = 17.8.34309.116
MinimumVisualStudioVersion = 10.0.40219.1
Project("{FAE04EC0-301F-11D3-BF4B-00C04F79EFBC}") = "Collections", "Collections.csproj", "{985D7ADE-8DCD-418D-BA1B-30D6AE53310B}"
EndProject
Global
	GlobalSection(SolutionConfigurationPlatforms) = preSolution
		Debug|Any CPU = Debug|Any CPU
		Release|Any CPU = Release|Any CPU
	EndGlobalSection
	GlobalSection(ProjectConfigurationPlatforms) = postSolution
		{985D7ADE-8DCD-418D-BA1B-30D6AE53310B}.Debug|Any CPU.ActiveCfg = Debug|Any CPU
		{985D7ADE-8DCD-418D-BA1B-30D6AE53310B}.Debug|Any CPU.Build.0 = Debug|Any CPU
		{985D7ADE-8DCD-418D-BA1B-30D6AE53310B}.Release|Any CPU.ActiveCfg = Release|Any CPU
		{985D7ADE-8DCD-418D-BA1B-30D6AE53310B}.Release|Any CPU.Build.0 = Release|Any CPU
	EndGlobalSection
	GlobalSection(SolutionProperties) = preSolution
		HideSolutionNode = FALSE
	EndGlobalSection
	GlobalSection(ExtensibilityGlobals) = postSolution
		SolutionGuid = {1950894B-CBE4-40BE-B4A9-96DEF924E3A8}
	EndGlobalSection
EndGlobal
